
Microsoft Visual Studio Solution File, Format Version 12.00
# Visual Studio 14
VisualStudioVersion = 14.0.25420.1
MinimumVisualStudioVersion = 10.0.40219.1
Project("{2150E333-8FDC-42A3-9474-1A3956D46DE8}") = "1-Presentacion", "1-Presentacion", "{9BF8424E-BDAA-4B96-906C-F5D94621F4AA}"
EndProject
Project("{2150E333-8FDC-42A3-9474-1A3956D46DE8}") = "2-Application", "2-Application", "{34BFD271-8A27-470D-9B31-FE07AFF21EF7}"
EndProject
Project("{2150E333-8FDC-42A3-9474-1A3956D46DE8}") = "3-Domain", "3-Domain", "{1AA59C24-1531-43B2-AA2F-E16AB159BEE5}"
EndProject
Project("{FAE04EC0-301F-11D3-BF4B-00C04F79EFBC}") = "Conta.Domain.Db", "Conta.Domain.Db\Conta.Domain.Db.csproj", "{22D4438F-4799-401D-9A03-9C45FAAD41C2}"
EndProject
Project("{2150E333-8FDC-42A3-9474-1A3956D46DE8}") = "Explicacion", "Explicacion", "{8F6B3702-0BEF-4610-9448-04347150B3C0}"
	ProjectSection(SolutionItems) = preProject
		Readme.md = Readme.md
	EndProjectSection
EndProject
Project("{FAE04EC0-301F-11D3-BF4B-00C04F79EFBC}") = "Conta.Api", "Conta.Api\Conta.Api.csproj", "{9B3F25E0-D4BD-468B-A3F7-2FABD733D72B}"
EndProject
Global
	GlobalSection(SolutionConfigurationPlatforms) = preSolution
		Debug|Any CPU = Debug|Any CPU
		Release|Any CPU = Release|Any CPU
	EndGlobalSection
	GlobalSection(ProjectConfigurationPlatforms) = postSolution
		{22D4438F-4799-401D-9A03-9C45FAAD41C2}.Debug|Any CPU.ActiveCfg = Debug|Any CPU
		{22D4438F-4799-401D-9A03-9C45FAAD41C2}.Debug|Any CPU.Build.0 = Debug|Any CPU
		{22D4438F-4799-401D-9A03-9C45FAAD41C2}.Release|Any CPU.ActiveCfg = Release|Any CPU
		{22D4438F-4799-401D-9A03-9C45FAAD41C2}.Release|Any CPU.Build.0 = Release|Any CPU
		{9B3F25E0-D4BD-468B-A3F7-2FABD733D72B}.Debug|Any CPU.ActiveCfg = Debug|Any CPU
		{9B3F25E0-D4BD-468B-A3F7-2FABD733D72B}.Debug|Any CPU.Build.0 = Debug|Any CPU
		{9B3F25E0-D4BD-468B-A3F7-2FABD733D72B}.Release|Any CPU.ActiveCfg = Release|Any CPU
		{9B3F25E0-D4BD-468B-A3F7-2FABD733D72B}.Release|Any CPU.Build.0 = Release|Any CPU
	EndGlobalSection
	GlobalSection(SolutionProperties) = preSolution
		HideSolutionNode = FALSE
	EndGlobalSection
	GlobalSection(NestedProjects) = preSolution
		{22D4438F-4799-401D-9A03-9C45FAAD41C2} = {1AA59C24-1531-43B2-AA2F-E16AB159BEE5}
		{9B3F25E0-D4BD-468B-A3F7-2FABD733D72B} = {9BF8424E-BDAA-4B96-906C-F5D94621F4AA}
	EndGlobalSection
EndGlobal
